
Microsoft Visual Studio Solution File, Format Version 12.00
# Visual Studio Version 17
VisualStudioVersion = 17.3.32929.385
MinimumVisualStudioVersion = 10.0.40219.1
Project("{FAE04EC0-301F-11D3-BF4B-00C04F79EFBC}") = "perfect num", "perfect num\perfect num.csproj", "{3B54CB48-0726-48AE-9C5B-A5992870C65E}"
EndProject
Global
	GlobalSection(SolutionConfigurationPlatforms) = preSolution
		Debug|Any CPU = Debug|Any CPU
		Release|Any CPU = Release|Any CPU
	EndGlobalSection
	GlobalSection(ProjectConfigurationPlatforms) = postSolution
		{3B54CB48-0726-48AE-9C5B-A5992870C65E}.Debug|Any CPU.ActiveCfg = Debug|Any CPU
		{3B54CB48-0726-48AE-9C5B-A5992870C65E}.Debug|Any CPU.Build.0 = Debug|Any CPU
		{3B54CB48-0726-48AE-9C5B-A5992870C65E}.Release|Any CPU.ActiveCfg = Release|Any CPU
		{3B54CB48-0726-48AE-9C5B-A5992870C65E}.Release|Any CPU.Build.0 = Release|Any CPU
	EndGlobalSection
	GlobalSection(SolutionProperties) = preSolution
		HideSolutionNode = FALSE
	EndGlobalSection
	GlobalSection(ExtensibilityGlobals) = postSolution
		SolutionGuid = {F71B504F-5E08-4152-834B-13098BDB5FD3}
	EndGlobalSection
EndGlobal
